Microsoft Visual Studio Solution File, Format Version 12.00
# Visual Studio Version 17
VisualStudioVersion = 17.5.2.0
MinimumVisualStudioVersion = 10.0.40219.1
Project("{FAE04EC0-301F-11D3-BF4B-00C04F79EFBC}") = "GroceryListApi", "GroceryListApi.csproj", "{775124EA-BBE3-84F4-D591-0F601FD727B6}"
EndProject
Global
	GlobalSection(SolutionConfigurationPlatforms) = preSolution
		Debug|Any CPU = Debug|Any CPU
		Release|Any CPU = Release|Any CPU
	EndGlobalSection
	GlobalSection(ProjectConfigurationPlatforms) = postSolution
		{775124EA-BBE3-84F4-D591-0F601FD727B6}.Debug|Any CPU.ActiveCfg = Debug|Any CPU
		{775124EA-BBE3-84F4-D591-0F601FD727B6}.Debug|Any CPU.Build.0 = Debug|Any CPU
		{775124EA-BBE3-84F4-D591-0F601FD727B6}.Release|Any CPU.ActiveCfg = Release|Any CPU
		{775124EA-BBE3-84F4-D591-0F601FD727B6}.Release|Any CPU.Build.0 = Release|Any CPU
	EndGlobalSection
	GlobalSection(SolutionProperties) = preSolution
		HideSolutionNode = FALSE
	EndGlobalSection
	GlobalSection(ExtensibilityGlobals) = postSolution
		SolutionGuid = {57BC653D-B1A0-4607-92B3-C6A982A23874}
	EndGlobalSection
EndGlobal
